{
  "lockfileVersion": 1,
  "dependencies": {
    "galleria": {
      "version": "1.5.7",
      "resolved": "https://registry.npmjs.org/galleria/-/galleria-1.5.7.tgz",
      "integrity": "sha1-/9wHmx3dASxxgcydSaVna8zizeY="
    },
    "jquery": {
      "version": "3.2.1",
      "resolved": "https://registry.npmjs.org/jquery/-/jquery-3.2.1.tgz",
      "integrity": "sha1-XE2d5lKvbNCncBVKYxu6ErAVx4c="
    }
  }
}
